
Microsoft Visual Studio Solution File, Format Version 12.00
# Visual Studio Version 17
VisualStudioVersion = 17.0.31903.59
MinimumVisualStudioVersion = 10.0.40219.1
Project("{2150E333-8FDC-42A3-9474-1A3956D46DE8}") = "NotificationServiceAPI", "NotificationServiceAPI", "{3A8D8C4D-F5C3-5611-B34D-6FE135E97ACB}"
EndProject
Project("{FAE04EC0-301F-11D3-BF4B-00C04F79EFBC}") = "NotificationServiceAPI", "NotificationServiceAPI\NotificationServiceAPI\NotificationServiceAPI.csproj", "{59116B65-8112-480B-B69B-CD61E5E671B2}"
EndProject
Project("{FAE04EC0-301F-11D3-BF4B-00C04F79EFBC}") = "Contracts", "Contracts\Contracts.csproj", "{D8336D20-30D6-4FEC-A997-5E312ECF9447}"
EndProject
Project("{2150E333-8FDC-42A3-9474-1A3956D46DE8}") = "TicketService", "TicketService", "{AD52C937-DC26-A0EE-54BA-F7C0BF391FDB}"
EndProject
Project("{FAE04EC0-301F-11D3-BF4B-00C04F79EFBC}") = "TicketService", "TicketService\TicketService\TicketService.csproj", "{FB13977A-7A8F-451C-8696-AB2E682D02D8}"
EndProject
Project("{2150E333-8FDC-42A3-9474-1A3956D46DE8}") = "SupportService", "SupportService", "{5E605096-7956-D6D2-7CF8-C2C364FEB0F5}"
EndProject
Project("{FAE04EC0-301F-11D3-BF4B-00C04F79EFBC}") = "SupportService", "SupportService\SupportService\SupportService.csproj", "{A5613E28-415D-4338-9489-DD45ED1B2EA6}"
EndProject
Project("{2150E333-8FDC-42A3-9474-1A3956D46DE8}") = "IdentityService", "IdentityService", "{C92C2A6C-C7DF-3B17-8CE7-85FC08468CCF}"
EndProject
Project("{FAE04EC0-301F-11D3-BF4B-00C04F79EFBC}") = "IdentityService", "IdentityService\IdentityService\IdentityService.csproj", "{225E415D-A5BD-4F7E-9475-FA36C46CAAD7}"
EndProject
Global
	GlobalSection(SolutionConfigurationPlatforms) = preSolution
		Debug|Any CPU = Debug|Any CPU
		Debug|x64 = Debug|x64
		Debug|x86 = Debug|x86
		Release|Any CPU = Release|Any CPU
		Release|x64 = Release|x64
		Release|x86 = Release|x86
	EndGlobalSection
	GlobalSection(ProjectConfigurationPlatforms) = postSolution
		{59116B65-8112-480B-B69B-CD61E5E671B2}.Debug|Any CPU.ActiveCfg = Debug|Any CPU
		{59116B65-8112-480B-B69B-CD61E5E671B2}.Debug|Any CPU.Build.0 = Debug|Any CPU
		{59116B65-8112-480B-B69B-CD61E5E671B2}.Debug|x64.ActiveCfg = Debug|Any CPU
		{59116B65-8112-480B-B69B-CD61E5E671B2}.Debug|x64.Build.0 = Debug|Any CPU
		{59116B65-8112-480B-B69B-CD61E5E671B2}.Debug|x86.ActiveCfg = Debug|Any CPU
		{59116B65-8112-480B-B69B-CD61E5E671B2}.Debug|x86.Build.0 = Debug|Any CPU
		{59116B65-8112-480B-B69B-CD61E5E671B2}.Release|Any CPU.ActiveCfg = Release|Any CPU
		{59116B65-8112-480B-B69B-CD61E5E671B2}.Release|Any CPU.Build.0 = Release|Any CPU
		{59116B65-8112-480B-B69B-CD61E5E671B2}.Release|x64.ActiveCfg = Release|Any CPU
		{59116B65-8112-480B-B69B-CD61E5E671B2}.Release|x64.Build.0 = Release|Any CPU
		{59116B65-8112-480B-B69B-CD61E5E671B2}.Release|x86.ActiveCfg = Release|Any CPU
		{59116B65-8112-480B-B69B-CD61E5E671B2}.Release|x86.Build.0 = Release|Any CPU
		{D8336D20-30D6-4FEC-A997-5E312ECF9447}.Debug|Any CPU.ActiveCfg = Debug|Any CPU
		{D8336D20-30D6-4FEC-A997-5E312ECF9447}.Debug|Any CPU.Build.0 = Debug|Any CPU
		{D8336D20-30D6-4FEC-A997-5E312ECF9447}.Debug|x64.ActiveCfg = Debug|Any CPU
		{D8336D20-30D6-4FEC-A997-5E312ECF9447}.Debug|x64.Build.0 = Debug|Any CPU
		{D8336D20-30D6-4FEC-A997-5E312ECF9447}.Debug|x86.ActiveCfg = Debug|Any CPU
		{D8336D20-30D6-4FEC-A997-5E312ECF9447}.Debug|x86.Build.0 = Debug|Any CPU
		{D8336D20-30D6-4FEC-A997-5E312ECF9447}.Release|Any CPU.ActiveCfg = Release|Any CPU
		{D8336D20-30D6-4FEC-A997-5E312ECF9447}.Release|Any CPU.Build.0 = Release|Any CPU
		{D8336D20-30D6-4FEC-A997-5E312ECF9447}.Release|x64.ActiveCfg = Release|Any CPU
		{D8336D20-30D6-4FEC-A997-5E312ECF9447}.Release|x64.Build.0 = Release|Any CPU
		{D8336D20-30D6-4FEC-A997-5E312ECF9447}.Release|x86.ActiveCfg = Release|Any CPU
		{D8336D20-30D6-4FEC-A997-5E312ECF9447}.Release|x86.Build.0 = Release|Any CPU
		{FB13977A-7A8F-451C-8696-AB2E682D02D8}.Debug|Any CPU.ActiveCfg = Debug|Any CPU
		{FB13977A-7A8F-451C-8696-AB2E682D02D8}.Debug|Any CPU.Build.0 = Debug|Any CPU
		{FB13977A-7A8F-451C-8696-AB2E682D02D8}.Debug|x64.ActiveCfg = Debug|Any CPU
		{FB13977A-7A8F-451C-8696-AB2E682D02D8}.Debug|x64.Build.0 = Debug|Any CPU
		{FB13977A-7A8F-451C-8696-AB2E682D02D8}.Debug|x86.ActiveCfg = Debug|Any CPU
		{FB13977A-7A8F-451C-8696-AB2E682D02D8}.Debug|x86.Build.0 = Debug|Any CPU
		{FB13977A-7A8F-451C-8696-AB2E682D02D8}.Release|Any CPU.ActiveCfg = Release|Any CPU
		{FB13977A-7A8F-451C-8696-AB2E682D02D8}.Release|Any CPU.Build.0 = Release|Any CPU
		{FB13977A-7A8F-451C-8696-AB2E682D02D8}.Release|x64.ActiveCfg = Release|Any CPU
		{FB13977A-7A8F-451C-8696-AB2E682D02D8}.Release|x64.Build.0 = Release|Any CPU
		{FB13977A-7A8F-451C-8696-AB2E682D02D8}.Release|x86.ActiveCfg = Release|Any CPU
		{FB13977A-7A8F-451C-8696-AB2E682D02D8}.Release|x86.Build.0 = Release|Any CPU
		{A5613E28-415D-4338-9489-DD45ED1B2EA6}.Debug|Any CPU.ActiveCfg = Debug|Any CPU
		{A5613E28-415D-4338-9489-DD45ED1B2EA6}.Debug|Any CPU.Build.0 = Debug|Any CPU
		{A5613E28-415D-4338-9489-DD45ED1B2EA6}.Debug|x64.ActiveCfg = Debug|Any CPU
		{A5613E28-415D-4338-9489-DD45ED1B2EA6}.Debug|x64.Build.0 = Debug|Any CPU
		{A5613E28-415D-4338-9489-DD45ED1B2EA6}.Debug|x86.ActiveCfg = Debug|Any CPU
		{A5613E28-415D-4338-9489-DD45ED1B2EA6}.Debug|x86.Build.0 = Debug|Any CPU
		{A5613E28-415D-4338-9489-DD45ED1B2EA6}.Release|Any CPU.ActiveCfg = Release|Any CPU
		{A5613E28-415D-4338-9489-DD45ED1B2EA6}.Release|Any CPU.Build.0 = Release|Any CPU
		{A5613E28-415D-4338-9489-DD45ED1B2EA6}.Release|x64.ActiveCfg = Release|Any CPU
		{A5613E28-415D-4338-9489-DD45ED1B2EA6}.Release|x64.Build.0 = Release|Any CPU
		{A5613E28-415D-4338-9489-DD45ED1B2EA6}.Release|x86.ActiveCfg = Release|Any CPU
		{A5613E28-415D-4338-9489-DD45ED1B2EA6}.Release|x86.Build.0 = Release|Any CPU
		{225E415D-A5BD-4F7E-9475-FA36C46CAAD7}.Debug|Any CPU.ActiveCfg = Debug|Any CPU
		{225E415D-A5BD-4F7E-9475-FA36C46CAAD7}.Debug|Any CPU.Build.0 = Debug|Any CPU
		{225E415D-A5BD-4F7E-9475-FA36C46CAAD7}.Debug|x64.ActiveCfg = Debug|Any CPU
		{225E415D-A5BD-4F7E-9475-FA36C46CAAD7}.Debug|x64.Build.0 = Debug|Any CPU
		{225E415D-A5BD-4F7E-9475-FA36C46CAAD7}.Debug|x86.ActiveCfg = Debug|Any CPU
		{225E415D-A5BD-4F7E-9475-FA36C46CAAD7}.Debug|x86.Build.0 = Debug|Any CPU
		{225E415D-A5BD-4F7E-9475-FA36C46CAAD7}.Release|Any CPU.ActiveCfg = Release|Any CPU
		{225E415D-A5BD-4F7E-9475-FA36C46CAAD7}.Release|Any CPU.Build.0 = Release|Any CPU
		{225E415D-A5BD-4F7E-9475-FA36C46CAAD7}.Release|x64.ActiveCfg = Release|Any CPU
		{225E415D-A5BD-4F7E-9475-FA36C46CAAD7}.Release|x64.Build.0 = Release|Any CPU
		{225E415D-A5BD-4F7E-9475-FA36C46CAAD7}.Release|x86.ActiveCfg = Release|Any CPU
		{225E415D-A5BD-4F7E-9475-FA36C46CAAD7}.Release|x86.Build.0 = Release|Any CPU
	EndGlobalSection
	GlobalSection(SolutionProperties) = preSolution
		HideSolutionNode = FALSE
	EndGlobalSection
	GlobalSection(NestedProjects) = preSolution
		{59116B65-8112-480B-B69B-CD61E5E671B2} = {3A8D8C4D-F5C3-5611-B34D-6FE135E97ACB}
		{FB13977A-7A8F-451C-8696-AB2E682D02D8} = {AD52C937-DC26-A0EE-54BA-F7C0BF391FDB}
		{A5613E28-415D-4338-9489-DD45ED1B2EA6} = {5E605096-7956-D6D2-7CF8-C2C364FEB0F5}
		{225E415D-A5BD-4F7E-9475-FA36C46CAAD7} = {C92C2A6C-C7DF-3B17-8CE7-85FC08468CCF}
	EndGlobalSection
EndGlobal
