
Microsoft Visual Studio Solution File, Format Version 12.00
# Visual Studio Version 17
VisualStudioVersion = 17.13.35825.156 d17.13
MinimumVisualStudioVersion = 10.0.40219.1
Project("{FAE04EC0-301F-11D3-BF4B-00C04F79EFBC}") = "ReportService", "ReportService\ReportService.csproj", "{4A8572AC-4D7D-4E2D-A920-5284BB3846F7}"
EndProject
Global
	GlobalSection(SolutionConfigurationPlatforms) = preSolution
		Debug|Any CPU = Debug|Any CPU
		Release|Any CPU = Release|Any CPU
	EndGlobalSection
	GlobalSection(ProjectConfigurationPlatforms) = postSolution
		{4A8572AC-4D7D-4E2D-A920-5284BB3846F7}.Debug|Any CPU.ActiveCfg = Debug|Any CPU
		{4A8572AC-4D7D-4E2D-A920-5284BB3846F7}.Debug|Any CPU.Build.0 = Debug|Any CPU
		{4A8572AC-4D7D-4E2D-A920-5284BB3846F7}.Release|Any CPU.ActiveCfg = Release|Any CPU
		{4A8572AC-4D7D-4E2D-A920-5284BB3846F7}.Release|Any CPU.Build.0 = Release|Any CPU
	EndGlobalSection
	GlobalSection(SolutionProperties) = preSolution
		HideSolutionNode = FALSE
	EndGlobalSection
	GlobalSection(ExtensibilityGlobals) = postSolution
		SolutionGuid = {E56240F2-BA8B-4E31-998B-D1D6AED56CF6}
	EndGlobalSection
EndGlobal
